
Microsoft Visual Studio Solution File, Format Version 12.00
# Visual Studio Version 17
VisualStudioVersion = 17.11.35222.181
MinimumVisualStudioVersion = 10.0.40219.1
Project("{FAE04EC0-301F-11D3-BF4B-00C04F79EFBC}") = "CharacterCustomization3", "CharacterCustomization3\CharacterCustomization3.csproj", "{98C2120C-37F6-458B-953C-9077F4286606}"
EndProject
Global
	GlobalSection(SolutionConfigurationPlatforms) = preSolution
		Debug|Any CPU = Debug|Any CPU
		Release|Any CPU = Release|Any CPU
	EndGlobalSection
	GlobalSection(ProjectConfigurationPlatforms) = postSolution
		{98C2120C-37F6-458B-953C-9077F4286606}.Debug|Any CPU.ActiveCfg = Debug|Any CPU
		{98C2120C-37F6-458B-953C-9077F4286606}.Debug|Any CPU.Build.0 = Debug|Any CPU
		{98C2120C-37F6-458B-953C-9077F4286606}.Release|Any CPU.ActiveCfg = Release|Any CPU
		{98C2120C-37F6-458B-953C-9077F4286606}.Release|Any CPU.Build.0 = Release|Any CPU
	EndGlobalSection
	GlobalSection(SolutionProperties) = preSolution
		HideSolutionNode = FALSE
	EndGlobalSection
	GlobalSection(ExtensibilityGlobals) = postSolution
		SolutionGuid = {4DEA27BB-D98B-4160-9801-1C9AD66873E1}
	EndGlobalSection
EndGlobal
